Microsoft Visual Studio Solution File, Format Version 12.00
# Visual Studio Version 17
VisualStudioVersion = 17.5.2.0
MinimumVisualStudioVersion = 10.0.40219.1
Project("{FAE04EC0-301F-11D3-BF4B-00C04F79EFBC}") = "AdventureInventory", "AdventureInventory.csproj", "{424FC2BD-7EB2-69F3-B499-841911170116}"
EndProject
Global
	GlobalSection(SolutionConfigurationPlatforms) = preSolution
		Debug|Any CPU = Debug|Any CPU
		Release|Any CPU = Release|Any CPU
	EndGlobalSection
	GlobalSection(ProjectConfigurationPlatforms) = postSolution
		{424FC2BD-7EB2-69F3-B499-841911170116}.Debug|Any CPU.ActiveCfg = Debug|Any CPU
		{424FC2BD-7EB2-69F3-B499-841911170116}.Debug|Any CPU.Build.0 = Debug|Any CPU
		{424FC2BD-7EB2-69F3-B499-841911170116}.Release|Any CPU.ActiveCfg = Release|Any CPU
		{424FC2BD-7EB2-69F3-B499-841911170116}.Release|Any CPU.Build.0 = Release|Any CPU
	EndGlobalSection
	GlobalSection(SolutionProperties) = preSolution
		HideSolutionNode = FALSE
	EndGlobalSection
	GlobalSection(ExtensibilityGlobals) = postSolution
		SolutionGuid = {29840810-B6FC-4942-8841-EA4FF05DF062}
	EndGlobalSection
EndGlobal
